// !$*UTF8*$!
{
	archiveVersion = 1;
	classes = {
	};
	objectVersion = 56;
	objects = {

/* Begin PBXBuildFile section */
		901AB16F298DF1C200120330 /* Data.json in Resources */ = {isa = PBXBuildFile; fileRef = 901AB16E298DF1C200120330 /* Data.json */; };
		9044D16F2945899000B2EFD9 /* PlaylistDiscover.swift in Sources */ = {isa = PBXBuildFile; fileRef = 9044D16E2945899000B2EFD9 /* PlaylistDiscover.swift */; };
		9044D17129458CF500B2EFD9 /* SongDiscover.swift in Sources */ = {isa = PBXBuildFile; fileRef = 9044D17029458CF500B2EFD9 /* SongDiscover.swift */; };
		9055012D2931A66E00BE507F /* LoginPage.swift in Sources */ = {isa = PBXBuildFile; fileRef = 9055012C2931A66E00BE507F /* LoginPage.swift */; };
		9055012F2931AB9F00BE507F /* SheetDetailPage.swift in Sources */ = {isa = PBXBuildFile; fileRef = 9055012E2931AB9F00BE507F /* SheetDetailPage.swift */; };
		905501312931B2ED00BE507F /* UserDisplay.swift in Sources */ = {isa = PBXBuildFile; fileRef = 905501302931B2ED00BE507F /* UserDisplay.swift */; };
		905CB025292BA4B100996E7E /* SearchResultDisplay.swift in Sources */ = {isa = PBXBuildFile; fileRef = 905CB024292BA4B100996E7E /* SearchResultDisplay.swift */; };
		9083C6B5298F42920010B4B3 /* SongDetailPage.swift in Sources */ = {isa = PBXBuildFile; fileRef = 9083C6B4298F42920010B4B3 /* SongDetailPage.swift */; };
		9083C6B9298F5C4C0010B4B3 /* LocalMusic.swift in Sources */ = {isa = PBXBuildFile; fileRef = 9083C6B8298F5C4C0010B4B3 /* LocalMusic.swift */; };
		9093A23329E594B300E605CD /* LrcPlayer.swift in Sources */ = {isa = PBXBuildFile; fileRef = 9093A23229E594B300E605CD /* LrcPlayer.swift */; };
		90A3866C2929B3DB00A84FA9 /* PlayAudio.swift in Sources */ = {isa = PBXBuildFile; fileRef = 90A3866B2929B3DB00A84FA9 /* PlayAudio.swift */; };
		90A9786E292B8AF600F9BBB1 /* SearchPage.swift in Sources */ = {isa = PBXBuildFile; fileRef = 90A9786D292B8AF600F9BBB1 /* SearchPage.swift */; };
		90AAA77429E18FD5001F1508 /* EverydayNew.swift in Sources */ = {isa = PBXBuildFile; fileRef = 90AAA77329E18FD5001F1508 /* EverydayNew.swift */; };
		90AAA77629E190F2001F1508 /* EverydaySonglist.swift in Sources */ = {isa = PBXBuildFile; fileRef = 90AAA77529E190F2001F1508 /* EverydaySonglist.swift */; };
		90AAA77829E19118001F1508 /* EverydaySongs.swift in Sources */ = {isa = PBXBuildFile; fileRef = 90AAA77729E19118001F1508 /* EverydaySongs.swift */; };
		90AC5E6829288BA900A43F18 /* SheetDetail.swift in Sources */ = {isa = PBXBuildFile; fileRef = 90AC5E6729288BA900A43F18 /* SheetDetail.swift */; };
		90AC5E6A2928ABD700A43F18 /* PlayerPage.swift in Sources */ = {isa = PBXBuildFile; fileRef = 90AC5E692928ABD700A43F18 /* PlayerPage.swift */; };
		90C02A0C2951750900A91B61 /* SettingPage.swift in Sources */ = {isa = PBXBuildFile; fileRef = 90C02A0B2951750900A91B61 /* SettingPage.swift */; };
		90C02A102951D0AE00A91B61 /* QrcodeLogin.swift in Sources */ = {isa = PBXBuildFile; fileRef = 90C02A0F2951D0AE00A91B61 /* QrcodeLogin.swift */; };
		90C417BE2944B04400225C18 /* CommentShow.swift in Sources */ = {isa = PBXBuildFile; fileRef = 90C417BD2944B04400225C18 /* CommentShow.swift */; };
		90CDCBFD29457D5E00730395 /* TopPlaylist.swift in Sources */ = {isa = PBXBuildFile; fileRef = 90CDCBFC29457D5E00730395 /* TopPlaylist.swift */; };
		90CDCBFF2945827D00730395 /* HighQualityPlaylist.swift in Sources */ = {isa = PBXBuildFile; fileRef = 90CDCBFE2945827D00730395 /* HighQualityPlaylist.swift */; };
		90CF2B302927A2F100016C66 /* wwyy Watch App.app in Embed Watch Content */ = {isa = PBXBuildFile; fileRef = 90CF2B2F2927A2F100016C66 /* wwyy Watch App.app */; settings = {ATTRIBUTES = (RemoveHeadersOnCopy, ); }; };
		90CF2B352927A2F200016C66 /* wwyyApp.swift in Sources */ = {isa = PBXBuildFile; fileRef = 90CF2B342927A2F200016C66 /* wwyyApp.swift */; };
		90CF2B372927A2F200016C66 /* ContentView.swift in Sources */ = {isa = PBXBuildFile; fileRef = 90CF2B362927A2F200016C66 /* ContentView.swift */; };
		90CF2B392927A2F400016C66 /* Assets.xcassets in Resources */ = {isa = PBXBuildFile; fileRef = 90CF2B382927A2F400016C66 /* Assets.xcassets */; };
		90CF2B3C2927A2F400016C66 /* Preview Assets.xcassets in Resources */ = {isa = PBXBuildFile; fileRef = 90CF2B3B2927A2F400016C66 /* Preview Assets.xcassets */; };
		90CF2B472927B96300016C66 /* RecommendedSongs.swift in Sources */ = {isa = PBXBuildFile; fileRef = 90CF2B462927B96300016C66 /* RecommendedSongs.swift */; };
		90DD555C294DBDAC002C3F02 /* Searches.swift in Sources */ = {isa = PBXBuildFile; fileRef = 90DD555B294DBDAC002C3F02 /* Searches.swift */; };
		90DD555E294DBE75002C3F02 /* SearchPlaylist.swift in Sources */ = {isa = PBXBuildFile; fileRef = 90DD555D294DBE75002C3F02 /* SearchPlaylist.swift */; };
		90FAC4A0294408F600ACCED2 /* PlayListShow.swift in Sources */ = {isa = PBXBuildFile; fileRef = 90FAC49F294408F600ACCED2 /* PlayListShow.swift */; };
		90FAC4A229443E6300ACCED2 /* LyricsShow.swift in Sources */ = {isa = PBXBuildFile; fileRef = 90FAC4A129443E6300ACCED2 /* LyricsShow.swift */; };
/* End PBXBuildFile section */

/* Begin PBXContainerItemProxy section */
		90CF2B312927A2F100016C66 /* PBXContainerItemProxy */ = {
			isa = PBXContainerItemProxy;
			containerPortal = 90CF2B232927A2F100016C66 /* Project object */;
			proxyType = 1;
			remoteGlobalIDString = 90CF2B2E2927A2F100016C66;
			remoteInfo = "wwyy Watch App";
		};
/* End PBXContainerItemProxy section */

/* Begin PBXCopyFilesBuildPhase section */
		90706C0C29DEDF4A00581CEE /* Embed Foundation Extensions */ = {
			isa = PBXCopyFilesBuildPhase;
			buildActionMask = 2147483647;
			dstPath = "";
			dstSubfolderSpec = 13;
			files = (
			);
			name = "Embed Foundation Extensions";
			runOnlyForDeploymentPostprocessing = 0;
		};
		90CF2B422927A2F400016C66 /* Embed Watch Content */ = {
			isa = PBXCopyFilesBuildPhase;
			buildActionMask = 2147483647;
			dstPath = "$(CONTENTS_FOLDER_PATH)/Watch";
			dstSubfolderSpec = 16;
			files = (
				90CF2B302927A2F100016C66 /* wwyy Watch App.app in Embed Watch Content */,
			);
			name = "Embed Watch Content";
			runOnlyForDeploymentPostprocessing = 0;
		};
/* End PBXCopyFilesBuildPhase section */

/* Begin PBXFileReference section */
		901AB16E298DF1C200120330 /* Data.json */ = {isa = PBXFileReference; lastKnownFileType = text.json; path = Data.json; sourceTree = SOURCE_ROOT; };
		9044D16E2945899000B2EFD9 /* PlaylistDiscover.swift */ = {isa = PBXFileReference; lastKnownFileType = sourcecode.swift; path = PlaylistDiscover.swift; sourceTree = "<group>"; };
		9044D17029458CF500B2EFD9 /* SongDiscover.swift */ = {isa = PBXFileReference; lastKnownFileType = sourcecode.swift; path = SongDiscover.swift; sourceTree = "<group>"; };
		9055012C2931A66E00BE507F /* LoginPage.swift */ = {isa = PBXFileReference; lastKnownFileType = sourcecode.swift; path = LoginPage.swift; sourceTree = "<group>"; };
		9055012E2931AB9F00BE507F /* SheetDetailPage.swift */ = {isa = PBXFileReference; lastKnownFileType = sourcecode.swift; path = SheetDetailPage.swift; sourceTree = "<group>"; };
		905501302931B2ED00BE507F /* UserDisplay.swift */ = {isa = PBXFileReference; lastKnownFileType = sourcecode.swift; path = UserDisplay.swift; sourceTree = "<group>"; };
		905CB024292BA4B100996E7E /* SearchResultDisplay.swift */ = {isa = PBXFileReference; lastKnownFileType = sourcecode.swift; path = SearchResultDisplay.swift; sourceTree = "<group>"; };
		9083C6B4298F42920010B4B3 /* SongDetailPage.swift */ = {isa = PBXFileReference; lastKnownFileType = sourcecode.swift; path = SongDetailPage.swift; sourceTree = "<group>"; };
		9083C6B8298F5C4C0010B4B3 /* LocalMusic.swift */ = {isa = PBXFileReference; lastKnownFileType = sourcecode.swift; path = LocalMusic.swift; sourceTree = "<group>"; };
		9093A23229E594B300E605CD /* LrcPlayer.swift */ = {isa = PBXFileReference; lastKnownFileType = sourcecode.swift; path = LrcPlayer.swift; sourceTree = "<group>"; };
		90A3866B2929B3DB00A84FA9 /* PlayAudio.swift */ = {isa = PBXFileReference; lastKnownFileType = sourcecode.swift; path = PlayAudio.swift; sourceTree = "<group>"; };
		90A9786A292A2C5D00F9BBB1 /* wwyy-Watch-App-Info.plist */ = {isa = PBXFileReference; lastKnownFileType = text.plist; path = "wwyy-Watch-App-Info.plist"; sourceTree = SOURCE_ROOT; };
		90A9786D292B8AF600F9BBB1 /* SearchPage.swift */ = {isa = PBXFileReference; lastKnownFileType = sourcecode.swift; path = SearchPage.swift; sourceTree = "<group>"; };
		90AAA77329E18FD5001F1508 /* EverydayNew.swift */ = {isa = PBXFileReference; lastKnownFileType = sourcecode.swift; path = EverydayNew.swift; sourceTree = "<group>"; };
		90AAA77529E190F2001F1508 /* EverydaySonglist.swift */ = {isa = PBXFileReference; lastKnownFileType = sourcecode.swift; path = EverydaySonglist.swift; sourceTree = "<group>"; };
		90AAA77729E19118001F1508 /* EverydaySongs.swift */ = {isa = PBXFileReference; lastKnownFileType = sourcecode.swift; path = EverydaySongs.swift; sourceTree = "<group>"; };
		90AC5E6729288BA900A43F18 /* SheetDetail.swift */ = {isa = PBXFileReference; lastKnownFileType = sourcecode.swift; path = SheetDetail.swift; sourceTree = "<group>"; };
		90AC5E692928ABD700A43F18 /* PlayerPage.swift */ = {isa = PBXFileReference; lastKnownFileType = sourcecode.swift; path = PlayerPage.swift; sourceTree = "<group>"; };
		90C02A0B2951750900A91B61 /* SettingPage.swift */ = {isa = PBXFileReference; lastKnownFileType = sourcecode.swift; path = SettingPage.swift; sourceTree = "<group>"; };
		90C02A0F2951D0AE00A91B61 /* QrcodeLogin.swift */ = {isa = PBXFileReference; lastKnownFileType = sourcecode.swift; path = QrcodeLogin.swift; sourceTree = "<group>"; };
		90C417BD2944B04400225C18 /* CommentShow.swift */ = {isa = PBXFileReference; lastKnownFileType = sourcecode.swift; path = CommentShow.swift; sourceTree = "<group>"; };
		90CDCBFC29457D5E00730395 /* TopPlaylist.swift */ = {isa = PBXFileReference; lastKnownFileType = sourcecode.swift; path = TopPlaylist.swift; sourceTree = "<group>"; };
		90CDCBFE2945827D00730395 /* HighQualityPlaylist.swift */ = {isa = PBXFileReference; lastKnownFileType = sourcecode.swift; path = HighQualityPlaylist.swift; sourceTree = "<group>"; };
		90CF2B292927A2F100016C66 /* wwyy.app */ = {isa = PBXFileReference; explicitFileType = wrapper.application; includeInIndex = 0; path = wwyy.app; sourceTree = BUILT_PRODUCTS_DIR; };
		90CF2B2F2927A2F100016C66 /* wwyy Watch App.app */ = {isa = PBXFileReference; explicitFileType = wrapper.application; includeInIndex = 0; path = "wwyy Watch App.app"; sourceTree = BUILT_PRODUCTS_DIR; };
		90CF2B342927A2F200016C66 /* wwyyApp.swift */ = {isa = PBXFileReference; lastKnownFileType = sourcecode.swift; path = wwyyApp.swift; sourceTree = "<group>"; };
		90CF2B362927A2F200016C66 /* ContentView.swift */ = {isa = PBXFileReference; lastKnownFileType = sourcecode.swift; path = ContentView.swift; sourceTree = "<group>"; };
		90CF2B382927A2F400016C66 /* Assets.xcassets */ = {isa = PBXFileReference; lastKnownFileType = folder.assetcatalog; path = Assets.xcassets; sourceTree = "<group>"; };
		90CF2B3B2927A2F400016C66 /* Preview Assets.xcassets */ = {isa = PBXFileReference; lastKnownFileType = folder.assetcatalog; path = "Preview Assets.xcassets"; sourceTree = "<group>"; };
		90CF2B462927B96300016C66 /* RecommendedSongs.swift */ = {isa = PBXFileReference; lastKnownFileType = sourcecode.swift; path = RecommendedSongs.swift; sourceTree = "<group>"; };
		90DD555B294DBDAC002C3F02 /* Searches.swift */ = {isa = PBXFileReference; lastKnownFileType = sourcecode.swift; path = Searches.swift; sourceTree = "<group>"; };
		90DD555D294DBE75002C3F02 /* SearchPlaylist.swift */ = {isa = PBXFileReference; lastKnownFileType = sourcecode.swift; path = SearchPlaylist.swift; sourceTree = "<group>"; };
		90FAC49F294408F600ACCED2 /* PlayListShow.swift */ = {isa = PBXFileReference; lastKnownFileType = sourcecode.swift; path = PlayListShow.swift; sourceTree = "<group>"; };
		90FAC4A129443E6300ACCED2 /* LyricsShow.swift */ = {isa = PBXFileReference; lastKnownFileType = sourcecode.swift; path = LyricsShow.swift; sourceTree = "<group>"; };
/* End PBXFileReference section */

/* Begin PBXFrameworksBuildPhase section */
		90CF2B2C2927A2F100016C66 /* Frameworks */ = {
			isa = PBXFrameworksBuildPhase;
			buildActionMask = 2147483647;
			files = (
			);
			runOnlyForDeploymentPostprocessing = 0;
		};
/* End PBXFrameworksBuildPhase section */

/* Begin PBXGroup section */
		90CF2B222927A2F100016C66 = {
			isa = PBXGroup;
			children = (
				90CF2B332927A2F100016C66 /* wwyy Watch App */,
				90CF2B2A2927A2F100016C66 /* Products */,
			);
			sourceTree = "<group>";
		};
		90CF2B2A2927A2F100016C66 /* Products */ = {
			isa = PBXGroup;
			children = (
				90CF2B292927A2F100016C66 /* wwyy.app */,
				90CF2B2F2927A2F100016C66 /* wwyy Watch App.app */,
			);
			name = Products;
			sourceTree = "<group>";
		};
		90CF2B332927A2F100016C66 /* wwyy Watch App */ = {
			isa = PBXGroup;
			children = (
				90CF2B382927A2F400016C66 /* Assets.xcassets */,
				90C417BD2944B04400225C18 /* CommentShow.swift */,
				90CF2B362927A2F200016C66 /* ContentView.swift */,
				90AAA77329E18FD5001F1508 /* EverydayNew.swift */,
				90AAA77529E190F2001F1508 /* EverydaySonglist.swift */,
				90AAA77729E19118001F1508 /* EverydaySongs.swift */,
				901AB16E298DF1C200120330 /* Data.json */,
				90CDCBFE2945827D00730395 /* HighQualityPlaylist.swift */,
				9083C6B8298F5C4C0010B4B3 /* LocalMusic.swift */,
				9055012C2931A66E00BE507F /* LoginPage.swift */,
				90FAC4A129443E6300ACCED2 /* LyricsShow.swift */,
				9093A23229E594B300E605CD /* LrcPlayer.swift */,
				90A3866B2929B3DB00A84FA9 /* PlayAudio.swift */,
				90AC5E692928ABD700A43F18 /* PlayerPage.swift */,
				9044D16E2945899000B2EFD9 /* PlaylistDiscover.swift */,
				90FAC49F294408F600ACCED2 /* PlayListShow.swift */,
				90CF2B3A2927A2F400016C66 /* Preview Content */,
				90C02A0F2951D0AE00A91B61 /* QrcodeLogin.swift */,
				90CF2B462927B96300016C66 /* RecommendedSongs.swift */,
				90DD555B294DBDAC002C3F02 /* Searches.swift */,
				90A9786D292B8AF600F9BBB1 /* SearchPage.swift */,
				90DD555D294DBE75002C3F02 /* SearchPlaylist.swift */,
				905CB024292BA4B100996E7E /* SearchResultDisplay.swift */,
				90C02A0B2951750900A91B61 /* SettingPage.swift */,
				90AC5E6729288BA900A43F18 /* SheetDetail.swift */,
				9055012E2931AB9F00BE507F /* SheetDetailPage.swift */,
				9083C6B4298F42920010B4B3 /* SongDetailPage.swift */,
				9044D17029458CF500B2EFD9 /* SongDiscover.swift */,
				90CDCBFC29457D5E00730395 /* TopPlaylist.swift */,
				905501302931B2ED00BE507F /* UserDisplay.swift */,
				90A9786A292A2C5D00F9BBB1 /* wwyy-Watch-App-Info.plist */,
				90CF2B342927A2F200016C66 /* wwyyApp.swift */,
			);
			path = "wwyy Watch App";
			sourceTree = "<group>";
		};
		90CF2B3A2927A2F400016C66 /* Preview Content */ = {
			isa = PBXGroup;
			children = (
				90CF2B3B2927A2F400016C66 /* Preview Assets.xcassets */,
			);
			path = "Preview Content";
			sourceTree = "<group>";
		};
/* End PBXGroup section */

/* Begin PBXNativeTarget section */
		90CF2B282927A2F100016C66 /* wwyy */ = {
			isa = PBXNativeTarget;
			buildConfigurationList = 90CF2B432927A2F400016C66 /* Build configuration list for PBXNativeTarget "wwyy" */;
			buildPhases = (
				90CF2B272927A2F100016C66 /* Resources */,
				90CF2B422927A2F400016C66 /* Embed Watch Content */,
			);
			buildRules = (
			);
			dependencies = (
				90CF2B322927A2F100016C66 /* PBXTargetDependency */,
			);
			name = wwyy;
			productName = wwyy;
			productReference = 90CF2B292927A2F100016C66 /* wwyy.app */;
			productType = "com.apple.product-type.application.watchapp2-container";
		};
		90CF2B2E2927A2F100016C66 /* wwyy Watch App */ = {
			isa = PBXNativeTarget;
			buildConfigurationList = 90CF2B3F2927A2F400016C66 /* Build configuration list for PBXNativeTarget "wwyy Watch App" */;
			buildPhases = (
				90CF2B2B2927A2F100016C66 /* Sources */,
				90CF2B2C2927A2F100016C66 /* Frameworks */,
				90CF2B2D2927A2F100016C66 /* Resources */,
				90706C0C29DEDF4A00581CEE /* Embed Foundation Extensions */,
			);
			buildRules = (
			);
			dependencies = (
			);
			name = "wwyy Watch App";
			packageProductDependencies = (
			);
			productName = "wwyy Watch App";
			productReference = 90CF2B2F2927A2F100016C66 /* wwyy Watch App.app */;
			productType = "com.apple.product-type.application";
		};
/* End PBXNativeTarget section */

/* Begin PBXProject section */
		90CF2B232927A2F100016C66 /* Project object */ = {
			isa = PBXProject;
			attributes = {
				BuildIndependentTargetsInParallel = 1;
				LastSwiftUpdateCheck = 1420;
				LastUpgradeCheck = 1410;
				TargetAttributes = {
					90CF2B282927A2F100016C66 = {
						CreatedOnToolsVersion = 14.1;
					};
					90CF2B2E2927A2F100016C66 = {
						CreatedOnToolsVersion = 14.1;
					};
				};
			};
			buildConfigurationList = 90CF2B262927A2F100016C66 /* Build configuration list for PBXProject "wwyy" */;
			compatibilityVersion = "Xcode 14.0";
			developmentRegion = en;
			hasScannedForEncodings = 0;
			knownRegions = (
				en,
				Base,
			);
			mainGroup = 90CF2B222927A2F100016C66;
			packageReferences = (
			);
			productRefGroup = 90CF2B2A2927A2F100016C66 /* Products */;
			projectDirPath = "";
			projectRoot = "";
			targets = (
				90CF2B282927A2F100016C66 /* wwyy */,
				90CF2B2E2927A2F100016C66 /* wwyy Watch App */,
			);
		};
/* End PBXProject section */

/* Begin PBXResourcesBuildPhase section */
		90CF2B272927A2F100016C66 /* Resources */ = {
			isa = PBXResourcesBuildPhase;
			buildActionMask = 2147483647;
			files = (
			);
			runOnlyForDeploymentPostprocessing = 0;
		};
		90CF2B2D2927A2F100016C66 /* Resources */ = {
			isa = PBXResourcesBuildPhase;
			buildActionMask = 2147483647;
			files = (
				90CF2B3C2927A2F400016C66 /* Preview Assets.xcassets in Resources */,
				90CF2B392927A2F400016C66 /* Assets.xcassets in Resources */,
				901AB16F298DF1C200120330 /* Data.json in Resources */,
			);
			runOnlyForDeploymentPostprocessing = 0;
		};
/* End PBXResourcesBuildPhase section */

/* Begin PBXSourcesBuildPhase section */
		90CF2B2B2927A2F100016C66 /* Sources */ = {
			isa = PBXSourcesBuildPhase;
			buildActionMask = 2147483647;
			files = (
				9083C6B5298F42920010B4B3 /* SongDetailPage.swift in Sources */,
				90AC5E6829288BA900A43F18 /* SheetDetail.swift in Sources */,
				90CDCBFD29457D5E00730395 /* TopPlaylist.swift in Sources */,
				90CF2B372927A2F200016C66 /* ContentView.swift in Sources */,
				90DD555C294DBDAC002C3F02 /* Searches.swift in Sources */,
				90AAA77829E19118001F1508 /* EverydaySongs.swift in Sources */,
				9044D17129458CF500B2EFD9 /* SongDiscover.swift in Sources */,
				90AAA77429E18FD5001F1508 /* EverydayNew.swift in Sources */,
				90FAC4A229443E6300ACCED2 /* LyricsShow.swift in Sources */,
				90A3866C2929B3DB00A84FA9 /* PlayAudio.swift in Sources */,
				90CF2B352927A2F200016C66 /* wwyyApp.swift in Sources */,
				90C02A0C2951750900A91B61 /* SettingPage.swift in Sources */,
				90A9786E292B8AF600F9BBB1 /* SearchPage.swift in Sources */,
				90C417BE2944B04400225C18 /* CommentShow.swift in Sources */,
				90AAA77629E190F2001F1508 /* EverydaySonglist.swift in Sources */,
				9055012D2931A66E00BE507F /* LoginPage.swift in Sources */,
				9093A23329E594B300E605CD /* LrcPlayer.swift in Sources */,
				90AC5E6A2928ABD700A43F18 /* PlayerPage.swift in Sources */,
				90CF2B472927B96300016C66 /* RecommendedSongs.swift in Sources */,
				9083C6B9298F5C4C0010B4B3 /* LocalMusic.swift in Sources */,
				90FAC4A0294408F600ACCED2 /* PlayListShow.swift in Sources */,
				9055012F2931AB9F00BE507F /* SheetDetailPage.swift in Sources */,
				905501312931B2ED00BE507F /* UserDisplay.swift in Sources */,
				90C02A102951D0AE00A91B61 /* QrcodeLogin.swift in Sources */,
				905CB025292BA4B100996E7E /* SearchResultDisplay.swift in Sources */,
				90CDCBFF2945827D00730395 /* HighQualityPlaylist.swift in Sources */,
				9044D16F2945899000B2EFD9 /* PlaylistDiscover.swift in Sources */,
				90DD555E294DBE75002C3F02 /* SearchPlaylist.swift in Sources */,
			);
			runOnlyForDeploymentPostprocessing = 0;
		};
/* End PBXSourcesBuildPhase section */

/* Begin PBXTargetDependency section */
		90CF2B322927A2F100016C66 /* PBXTargetDependency */ = {
			isa = PBXTargetDependency;
			target = 90CF2B2E2927A2F100016C66 /* wwyy Watch App */;
			targetProxy = 90CF2B312927A2F100016C66 /* PBXContainerItemProxy */;
		};
/* End PBXTargetDependency section */

/* Begin XCBuildConfiguration section */
		90CF2B3D2927A2F400016C66 /* Debug */ = {
			isa = XCBuildConfiguration;
			buildSettings = {
				ALWAYS_SEARCH_USER_PATHS = NO;
				CLANG_ANALYZER_NONNULL = YES;
				CLANG_ANALYZER_NUMBER_OBJECT_CONVERSION = YES_AGGRESSIVE;
				CLANG_CXX_LANGUAGE_STANDARD = "gnu++20";
				CLANG_ENABLE_MODULES = YES;
				CLANG_ENABLE_OBJC_ARC = YES;
				CLANG_ENABLE_OBJC_WEAK = YES;
				CLANG_WARN_BLOCK_CAPTURE_AUTORELEASING = YES;
				CLANG_WARN_BOOL_CONVERSION = YES;
				CLANG_WARN_COMMA = YES;
				CLANG_WARN_CONSTANT_CONVERSION = YES;
				CLANG_WARN_DEPRECATED_OBJC_IMPLEMENTATIONS = YES;
				CLANG_WARN_DIRECT_OBJC_ISA_USAGE = YES_ERROR;
				CLANG_WARN_DOCUMENTATION_COMMENTS = YES;
				CLANG_WARN_EMPTY_BODY = YES;
				CLANG_WARN_ENUM_CONVERSION = YES;
				CLANG_WARN_INFINITE_RECURSION = YES;
				CLANG_WARN_INT_CONVERSION = YES;
				CLANG_WARN_NON_LITERAL_NULL_CONVERSION = YES;
				CLANG_WARN_OBJC_IMPLICIT_RETAIN_SELF = YES;
				CLANG_WARN_OBJC_LITERAL_CONVERSION = YES;
				CLANG_WARN_OBJC_ROOT_CLASS = YES_ERROR;
				CLANG_WARN_QUOTED_INCLUDE_IN_FRAMEWORK_HEADER = YES;
				CLANG_WARN_RANGE_LOOP_ANALYSIS = YES;
				CLANG_WARN_STRICT_PROTOTYPES = YES;
				CLANG_WARN_SUSPICIOUS_MOVE = YES;
				CLANG_WARN_UNGUARDED_AVAILABILITY = YES_AGGRESSIVE;
				CLANG_WARN_UNREACHABLE_CODE = YES;
				CLANG_WARN__DUPLICATE_METHOD_MATCH = YES;
				COPY_PHASE_STRIP = NO;
				DEBUG_INFORMATION_FORMAT = dwarf;
				ENABLE_STRICT_OBJC_MSGSEND = YES;
				ENABLE_TESTABILITY = YES;
				GCC_C_LANGUAGE_STANDARD = gnu11;
				GCC_DYNAMIC_NO_PIC = NO;
				GCC_NO_COMMON_BLOCKS = YES;
				GCC_OPTIMIZATION_LEVEL = 0;
				GCC_PREPROCESSOR_DEFINITIONS = (
					"DEBUG=1",
					"$(inherited)",
				);
				GCC_WARN_64_TO_32_BIT_CONVERSION = YES;
				GCC_WARN_ABOUT_RETURN_TYPE = YES_ERROR;
				GCC_WARN_UNDECLARED_SELECTOR = YES;
				GCC_WARN_UNINITIALIZED_AUTOS = YES_AGGRESSIVE;
				GCC_WARN_UNUSED_FUNCTION = YES;
				GCC_WARN_UNUSED_VARIABLE = YES;
				MTL_ENABLE_DEBUG_INFO = INCLUDE_SOURCE;
				MTL_FAST_MATH = YES;
				ONLY_ACTIVE_ARCH = YES;
				SWIFT_ACTIVE_COMPILATION_CONDITIONS = DEBUG;
				SWIFT_OPTIMIZATION_LEVEL = "-Onone";
				WATCHOS_DEPLOYMENT_TARGET = 9.1;
			};
			name = Debug;
		};
		90CF2B3E2927A2F400016C66 /* Release */ = {
			isa = XCBuildConfiguration;
			buildSettings = {
				ALWAYS_SEARCH_USER_PATHS = NO;
				CLANG_ANALYZER_NONNULL = YES;
				CLANG_ANALYZER_NUMBER_OBJECT_CONVERSION = YES_AGGRESSIVE;
				CLANG_CXX_LANGUAGE_STANDARD = "gnu++20";
				CLANG_ENABLE_MODULES = YES;
				CLANG_ENABLE_OBJC_ARC = YES;
				CLANG_ENABLE_OBJC_WEAK = YES;
				CLANG_WARN_BLOCK_CAPTURE_AUTORELEASING = YES;
				CLANG_WARN_BOOL_CONVERSION = YES;
				CLANG_WARN_COMMA = YES;
				CLANG_WARN_CONSTANT_CONVERSION = YES;
				CLANG_WARN_DEPRECATED_OBJC_IMPLEMENTATIONS = YES;
				CLANG_WARN_DIRECT_OBJC_ISA_USAGE = YES_ERROR;
				CLANG_WARN_DOCUMENTATION_COMMENTS = YES;
				CLANG_WARN_EMPTY_BODY = YES;
				CLANG_WARN_ENUM_CONVERSION = YES;
				CLANG_WARN_INFINITE_RECURSION = YES;
				CLANG_WARN_INT_CONVERSION = YES;
				CLANG_WARN_NON_LITERAL_NULL_CONVERSION = YES;
				CLANG_WARN_OBJC_IMPLICIT_RETAIN_SELF = YES;
				CLANG_WARN_OBJC_LITERAL_CONVERSION = YES;
				CLANG_WARN_OBJC_ROOT_CLASS = YES_ERROR;
				CLANG_WARN_QUOTED_INCLUDE_IN_FRAMEWORK_HEADER = YES;
				CLANG_WARN_RANGE_LOOP_ANALYSIS = YES;
				CLANG_WARN_STRICT_PROTOTYPES = YES;
				CLANG_WARN_SUSPICIOUS_MOVE = YES;
				CLANG_WARN_UNGUARDED_AVAILABILITY = YES_AGGRESSIVE;
				CLANG_WARN_UNREACHABLE_CODE = YES;
				CLANG_WARN__DUPLICATE_METHOD_MATCH = YES;
				COPY_PHASE_STRIP = NO;
				DEBUG_INFORMATION_FORMAT = "dwarf-with-dsym";
				ENABLE_NS_ASSERTIONS = NO;
				ENABLE_STRICT_OBJC_MSGSEND = YES;
				GCC_C_LANGUAGE_STANDARD = gnu11;
				GCC_NO_COMMON_BLOCKS = YES;
				GCC_WARN_64_TO_32_BIT_CONVERSION = YES;
				GCC_WARN_ABOUT_RETURN_TYPE = YES_ERROR;
				GCC_WARN_UNDECLARED_SELECTOR = YES;
				GCC_WARN_UNINITIALIZED_AUTOS = YES_AGGRESSIVE;
				GCC_WARN_UNUSED_FUNCTION = YES;
				GCC_WARN_UNUSED_VARIABLE = YES;
				MTL_ENABLE_DEBUG_INFO = NO;
				MTL_FAST_MATH = YES;
				SWIFT_COMPILATION_MODE = wholemodule;
				SWIFT_OPTIMIZATION_LEVEL = "-O";
				WATCHOS_DEPLOYMENT_TARGET = 9.1;
			};
			name = Release;
		};
		90CF2B402927A2F400016C66 /* Debug */ = {
			isa = XCBuildConfiguration;
			buildSettings = {
				ASSETCATALOG_COMPILER_APPICON_NAME = AppIcon;
				ASSETCATALOG_COMPILER_GLOBAL_ACCENT_COLOR_NAME = AccentColor;
				CODE_SIGN_STYLE = Automatic;
				CURRENT_PROJECT_VERSION = 1;
				DEVELOPMENT_ASSET_PATHS = "\"wwyy Watch App/Preview Content\"";
				DEVELOPMENT_TEAM = 6274RKW7XD;
				ENABLE_PREVIEWS = YES;
				GENERATE_INFOPLIST_FILE = YES;
				INFOPLIST_FILE = "wwyy-Watch-App-Info.plist";
				INFOPLIST_KEY_CFBundleDisplayName = "腕上云音乐";
				INFOPLIST_KEY_UISupportedInterfaceOrientations = "UIInterfaceOrientationPortrait UIInterfaceOrientationPortraitUpsideDown";
				INFOPLIST_KEY_WKWatchOnly = YES;
				LD_RUNPATH_SEARCH_PATHS = (
					"$(inherited)",
					"@executable_path/Frameworks",
				);
				MARKETING_VERSION = 1.0;
				PRODUCT_BUNDLE_IDENTIFIER = top.amzcd.wwyy.watchkitapp;
				PRODUCT_NAME = "$(TARGET_NAME)";
				SDKROOT = watchos;
				SKIP_INSTALL = YES;
				SWIFT_EMIT_LOC_STRINGS = YES;
				SWIFT_VERSION = 5.0;
				TARGETED_DEVICE_FAMILY = 4;
				WATCHOS_DEPLOYMENT_TARGET = 9.0;
			};
			name = Debug;
		};
		90CF2B412927A2F400016C66 /* Release */ = {
			isa = XCBuildConfiguration;
			buildSettings = {
				ASSETCATALOG_COMPILER_APPICON_NAME = AppIcon;
				ASSETCATALOG_COMPILER_GLOBAL_ACCENT_COLOR_NAME = AccentColor;
				CODE_SIGN_STYLE = Automatic;
				CURRENT_PROJECT_VERSION = 1;
				DEVELOPMENT_ASSET_PATHS = "\"wwyy Watch App/Preview Content\"";
				DEVELOPMENT_TEAM = 6274RKW7XD;
				ENABLE_PREVIEWS = YES;
				GENERATE_INFOPLIST_FILE = YES;
				INFOPLIST_FILE = "wwyy-Watch-App-Info.plist";
				INFOPLIST_KEY_CFBundleDisplayName = "腕上云音乐";
				INFOPLIST_KEY_UISupportedInterfaceOrientations = "UIInterfaceOrientationPortrait UIInterfaceOrientationPortraitUpsideDown";
				INFOPLIST_KEY_WKWatchOnly = YES;
				LD_RUNPATH_SEARCH_PATHS = (
					"$(inherited)",
					"@executable_path/Frameworks",
				);
				MARKETING_VERSION = 1.0;
				PRODUCT_BUNDLE_IDENTIFIER = top.amzcd.wwyy.watchkitapp;
				PRODUCT_NAME = "$(TARGET_NAME)";
				SDKROOT = watchos;
				SKIP_INSTALL = YES;
				SWIFT_EMIT_LOC_STRINGS = YES;
				SWIFT_VERSION = 5.0;
				TARGETED_DEVICE_FAMILY = 4;
				VALIDATE_PRODUCT = YES;
				WATCHOS_DEPLOYMENT_TARGET = 9.0;
			};
			name = Release;
		};
		90CF2B442927A2F400016C66 /* Debug */ = {
			isa = XCBuildConfiguration;
			buildSettings = {
				ALWAYS_EMBED_SWIFT_STANDARD_LIBRARIES = YES;
				CODE_SIGN_IDENTITY = "Apple Development";
				CODE_SIGN_STYLE = Automatic;
				CURRENT_PROJECT_VERSION = 1;
				DEVELOPMENT_TEAM = 6274RKW7XD;
				INFOPLIST_KEY_CFBundleDisplayName = wwyy;
				MARKETING_VERSION = 1.0;
				PRODUCT_BUNDLE_IDENTIFIER = top.amzcd.wwyy;
				PRODUCT_NAME = "$(TARGET_NAME)";
				PROVISIONING_PROFILE_SPECIFIER = "";
				SDKROOT = iphoneos;
				SWIFT_VERSION = 5.0;
			};
			name = Debug;
		};
		90CF2B452927A2F400016C66 /* Release */ = {
			isa = XCBuildConfiguration;
			buildSettings = {
				ALWAYS_EMBED_SWIFT_STANDARD_LIBRARIES = YES;
				CODE_SIGN_IDENTITY = "Apple Development";
				CODE_SIGN_STYLE = Automatic;
				CURRENT_PROJECT_VERSION = 1;
				DEVELOPMENT_TEAM = 6274RKW7XD;
				INFOPLIST_KEY_CFBundleDisplayName = wwyy;
				MARKETING_VERSION = 1.0;
				PRODUCT_BUNDLE_IDENTIFIER = top.amzcd.wwyy;
				PRODUCT_NAME = "$(TARGET_NAME)";
				PROVISIONING_PROFILE_SPECIFIER = "";
				SDKROOT = iphoneos;
				SWIFT_VERSION = 5.0;
				VALIDATE_PRODUCT = YES;
			};
			name = Release;
		};
/* End XCBuildConfiguration section */

/* Begin XCConfigurationList section */
		90CF2B262927A2F100016C66 /* Build configuration list for PBXProject "wwyy" */ = {
			isa = XCConfigurationList;
			buildConfigurations = (
				90CF2B3D2927A2F400016C66 /* Debug */,
				90CF2B3E2927A2F400016C66 /* Release */,
			);
			defaultConfigurationIsVisible = 0;
			defaultConfigurationName = Release;
		};
		90CF2B3F2927A2F400016C66 /* Build configuration list for PBXNativeTarget "wwyy Watch App" */ = {
			isa = XCConfigurationList;
			buildConfigurations = (
				90CF2B402927A2F400016C66 /* Debug */,
				90CF2B412927A2F400016C66 /* Release */,
			);
			defaultConfigurationIsVisible = 0;
			defaultConfigurationName = Release;
		};
		90CF2B432927A2F400016C66 /* Build configuration list for PBXNativeTarget "wwyy" */ = {
			isa = XCConfigurationList;
			buildConfigurations = (
				90CF2B442927A2F400016C66 /* Debug */,
				90CF2B452927A2F400016C66 /* Release */,
			);
			defaultConfigurationIsVisible = 0;
			defaultConfigurationName = Release;
		};
/* End XCConfigurationList section */
	};
	rootObject = 90CF2B232927A2F100016C66 /* Project object */;
}
